lockfileVersion: '9.0'

settings:
  autoInstallPeers: true
  excludeLinksFromLockfile: false

importers:

  .:
    dependencies:
      '@noble/ciphers':
        specifier: ^1.0.0
        version: 1.3.0
      hash-wasm:
        specifier: ^4.11.0
        version: 4.12.0
      macaroon:
        specifier: ^3.0.4
        version: 3.0.4
      ulidx:
        specifier: ^2.4.0
        version: 2.4.1

packages:

  '@noble/ciphers@1.3.0':
    resolution: {integrity: sha512-2I0gnIVPtfnMw9ee9h1dJG7tp81+8Ob3OJb3Mv37rx5L40/b0i7djjCVvGOVqc9AEIQyvyu1i6ypKdFw8R8gQw==}
    engines: {node: ^14.21.3 || >=16}

  hash-wasm@4.12.0:
    resolution: {integrity: sha512-+/2B2rYLb48I/evdOIhP+K/DD2ca2fgBjp6O+GBEnCDk2e4rpeXIK8GvIyRPjTezgmWn9gmKwkQjjx6BtqDHVQ==}

  layerr@3.0.0:
    resolution: {integrity: sha512-tv754Ki2dXpPVApOrjTyRo4/QegVb9eVFq4mjqp4+NM5NaX7syQvN5BBNfV/ZpAHCEHV24XdUVrBAoka4jt3pA==}

  macaroon@3.0.4:
    resolution: {integrity: sha512-Tja2jvupseKxltPZbu5RPSz2Pgh6peYA3O46YCTcYL8PI1VqtGwDqRhGfP8pows26xx9wTiygk+en62Bq+Y8JA==}

  sjcl@1.0.9:
    resolution: {integrity: sha512-dWM71tkSHxe7zEZj0/COjtJdmErIxp7UMp8a6D4xx8dTTtJLc4lFL+HAX8s6lvASyQQ2iYMHwa7rhhQq7MT5MA==}

  tweetnacl-util@0.15.1:
    resolution: {integrity: sha512-RKJBIj8lySrShN4w6i/BonWp2Z/uxwC3h4y7xsRrpP59ZboCd0GpEVsOnMDYLMmKBpYhb5TgHzZXy7wTfYFBRw==}

  tweetnacl@1.0.3:
    resolution: {integrity: sha512-6rt+RN7aOi1nGMyC4Xa5DdYiukl2UWCbcJft7YhxReBGQD7OAM8Pbxw6YMo4r2diNEA8FEmu32YOn9rhaiE5yw==}

  ulidx@2.4.1:
    resolution: {integrity: sha512-xY7c8LPyzvhvew0Fn+Ek3wBC9STZAuDI/Y5andCKi9AX6/jvfaX45PhsDX8oxgPL0YFp0Jhr8qWMbS/p9375Xg==}
    engines: {node: '>=16'}

snapshots:

  '@noble/ciphers@1.3.0': {}

  hash-wasm@4.12.0: {}

  layerr@3.0.0: {}

  macaroon@3.0.4:
    dependencies:
      sjcl: 1.0.9
      tweetnacl: 1.0.3
      tweetnacl-util: 0.15.1

  sjcl@1.0.9: {}

  tweetnacl-util@0.15.1: {}

  tweetnacl@1.0.3: {}

  ulidx@2.4.1:
    dependencies:
      layerr: 3.0.0
